
Microsoft Visual Studio Solution File, Format Version 12.00
# Visual Studio Version 16
VisualStudioVersion = 16.0.31702.278
MinimumVisualStudioVersion = 10.0.40219.1
Project("{FAE04EC0-301F-11D3-BF4B-00C04F79EFBC}") = "EShop", "EShop.csproj", "{74E619B7-0FFF-436A-B029-2CB03380E34F}"
EndProject
Global
	GlobalSection(SolutionConfigurationPlatforms) = preSolution
		Debug|Any CPU = Debug|Any CPU
		Release|Any CPU = Release|Any CPU
	EndGlobalSection
	GlobalSection(ProjectConfigurationPlatforms) = postSolution
		{74E619B7-0FFF-436A-B029-2CB03380E34F}.Debug|Any CPU.ActiveCfg = Debug|Any CPU
		{74E619B7-0FFF-436A-B029-2CB03380E34F}.Debug|Any CPU.Build.0 = Debug|Any CPU
		{74E619B7-0FFF-436A-B029-2CB03380E34F}.Release|Any CPU.ActiveCfg = Release|Any CPU
		{74E619B7-0FFF-436A-B029-2CB03380E34F}.Release|Any CPU.Build.0 = Release|Any CPU
	EndGlobalSection
	GlobalSection(SolutionProperties) = preSolution
		HideSolutionNode = FALSE
	EndGlobalSection
	GlobalSection(ExtensibilityGlobals) = postSolution
		SolutionGuid = {7F4672B4-4EEF-4910-B2B3-4CA104210DF2}
	EndGlobalSection
EndGlobal
